
Microsoft Visual Studio Solution File, Format Version 12.00
Project("{FAE04EC0-301F-11D3-BF4B-00C04F79EFBC}") = "GameMatchmakingService", "GameMatchmakingService\GameMatchmakingService.csproj", "{05D84B98-8C4F-4651-8F0B-2238FC498C0B}"
EndProject
Global
	GlobalSection(SolutionConfigurationPlatforms) = preSolution
		Debug|Any CPU = Debug|Any CPU
		Release|Any CPU = Release|Any CPU
	EndGlobalSection
	GlobalSection(ProjectConfigurationPlatforms) = postSolution
		{05D84B98-8C4F-4651-8F0B-2238FC498C0B}.Debug|Any CPU.ActiveCfg = Debug|Any CPU
		{05D84B98-8C4F-4651-8F0B-2238FC498C0B}.Debug|Any CPU.Build.0 = Debug|Any CPU
		{05D84B98-8C4F-4651-8F0B-2238FC498C0B}.Release|Any CPU.ActiveCfg = Release|Any CPU
		{05D84B98-8C4F-4651-8F0B-2238FC498C0B}.Release|Any CPU.Build.0 = Release|Any CPU
	EndGlobalSection
EndGlobal
